
Microsoft Visual Studio Solution File, Format Version 12.00
# Visual Studio Version 16
VisualStudioVersion = 16.0.29609.76
MinimumVisualStudioVersion = 10.0.40219.1
Project("{9A19103F-16F7-4668-BE54-9A1E7A4F7556}") = "TheEye.WebUl", "TheEye\TheEye.WebUl.csproj", "{FE3483B1-74E9-465D-A98E-3E125056ECD6}"
EndProject
Project("{9A19103F-16F7-4668-BE54-9A1E7A4F7556}") = "TheEye.Business", "TheEye.Business\TheEye.Business.csproj", "{5023E65A-065E-401C-9E2F-5C588B89C16A}"
EndProject
Project("{9A19103F-16F7-4668-BE54-9A1E7A4F7556}") = "TheEye.Core", "TheEye.Core\TheEye.Core.csproj", "{7B60AEB4-F5F0-41DA-BEE6-61F802150F35}"
EndProject
Project("{9A19103F-16F7-4668-BE54-9A1E7A4F7556}") = "TheEye.DataAccess", "TheEye.DataAccess\TheEye.DataAccess.csproj", "{9BB0A273-2BA4-4916-B8BA-E947FF64EA08}"
EndProject
Project("{9A19103F-16F7-4668-BE54-9A1E7A4F7556}") = "TheEye.Entities", "TheEye.Entities\TheEye.Entities.csproj", "{7F5B0637-069D-4850-8F79-4C637FB8A1B5}"
EndProject
Global
	GlobalSection(SolutionConfigurationPlatforms) = preSolution
		Debug|Any CPU = Debug|Any CPU
		Release|Any CPU = Release|Any CPU
	EndGlobalSection
	GlobalSection(ProjectConfigurationPlatforms) = postSolution
		{FE3483B1-74E9-465D-A98E-3E125056ECD6}.Debug|Any CPU.ActiveCfg = Debug|Any CPU
		{FE3483B1-74E9-465D-A98E-3E125056ECD6}.Debug|Any CPU.Build.0 = Debug|Any CPU
		{FE3483B1-74E9-465D-A98E-3E125056ECD6}.Release|Any CPU.ActiveCfg = Release|Any CPU
		{FE3483B1-74E9-465D-A98E-3E125056ECD6}.Release|Any CPU.Build.0 = Release|Any CPU
		{5023E65A-065E-401C-9E2F-5C588B89C16A}.Debug|Any CPU.ActiveCfg = Debug|Any CPU
		{5023E65A-065E-401C-9E2F-5C588B89C16A}.Debug|Any CPU.Build.0 = Debug|Any CPU
		{5023E65A-065E-401C-9E2F-5C588B89C16A}.Release|Any CPU.ActiveCfg = Release|Any CPU
		{5023E65A-065E-401C-9E2F-5C588B89C16A}.Release|Any CPU.Build.0 = Release|Any CPU
		{7B60AEB4-F5F0-41DA-BEE6-61F802150F35}.Debug|Any CPU.ActiveCfg = Debug|Any CPU
		{7B60AEB4-F5F0-41DA-BEE6-61F802150F35}.Debug|Any CPU.Build.0 = Debug|Any CPU
		{7B60AEB4-F5F0-41DA-BEE6-61F802150F35}.Release|Any CPU.ActiveCfg = Release|Any CPU
		{7B60AEB4-F5F0-41DA-BEE6-61F802150F35}.Release|Any CPU.Build.0 = Release|Any CPU
		{9BB0A273-2BA4-4916-B8BA-E947FF64EA08}.Debug|Any CPU.ActiveCfg = Debug|Any CPU
		{9BB0A273-2BA4-4916-B8BA-E947FF64EA08}.Debug|Any CPU.Build.0 = Debug|Any CPU
		{9BB0A273-2BA4-4916-B8BA-E947FF64EA08}.Release|Any CPU.ActiveCfg = Release|Any CPU
		{9BB0A273-2BA4-4916-B8BA-E947FF64EA08}.Release|Any CPU.Build.0 = Release|Any CPU
		{7F5B0637-069D-4850-8F79-4C637FB8A1B5}.Debug|Any CPU.ActiveCfg = Debug|Any CPU
		{7F5B0637-069D-4850-8F79-4C637FB8A1B5}.Debug|Any CPU.Build.0 = Debug|Any CPU
		{7F5B0637-069D-4850-8F79-4C637FB8A1B5}.Release|Any CPU.ActiveCfg = Release|Any CPU
		{7F5B0637-069D-4850-8F79-4C637FB8A1B5}.Release|Any CPU.Build.0 = Release|Any CPU
	EndGlobalSection
	GlobalSection(SolutionProperties) = preSolution
		HideSolutionNode = FALSE
	EndGlobalSection
	GlobalSection(ExtensibilityGlobals) = postSolution
		SolutionGuid = {EBE71F0C-0FD8-4A9C-84C9-E13C084C21C4}
	EndGlobalSection
EndGlobal
