
Microsoft Visual Studio Solution File, Format Version 12.00
# Visual Studio Version 16
VisualStudioVersion = 16.0.29418.71
MinimumVisualStudioVersion = 10.0.40219.1
Project("{FAE04EC0-301F-11D3-BF4B-00C04F79EFBC}") = "EyeOn.TheEye.MvcWebUI", "EyeOn.TheEye.MvcWebUI\EyeOn.TheEye.MvcWebUI.csproj", "{410A3BE9-4E43-4D61-8951-2ACAD7F0DC6F}"
EndProject
Global
	GlobalSection(SolutionConfigurationPlatforms) = preSolution
		Debug|Any CPU = Debug|Any CPU
		Release|Any CPU = Release|Any CPU
	EndGlobalSection
	GlobalSection(ProjectConfigurationPlatforms) = postSolution
		{410A3BE9-4E43-4D61-8951-2ACAD7F0DC6F}.Debug|Any CPU.ActiveCfg = Debug|Any CPU
		{410A3BE9-4E43-4D61-8951-2ACAD7F0DC6F}.Debug|Any CPU.Build.0 = Debug|Any CPU
		{410A3BE9-4E43-4D61-8951-2ACAD7F0DC6F}.Release|Any CPU.ActiveCfg = Release|Any CPU
		{410A3BE9-4E43-4D61-8951-2ACAD7F0DC6F}.Release|Any CPU.Build.0 = Release|Any CPU
	EndGlobalSection
	GlobalSection(SolutionProperties) = preSolution
		HideSolutionNode = FALSE
	EndGlobalSection
	GlobalSection(ExtensibilityGlobals) = postSolution
		SolutionGuid = {CB03A283-89AA-4049-B198-0D664312CF53}
	EndGlobalSection
EndGlobal
