
Microsoft Visual Studio Solution File, Format Version 12.00
# Visual Studio Version 16
VisualStudioVersion = 16.0.29020.237
MinimumVisualStudioVersion = 10.0.40219.1
Project("{9A19103F-16F7-4668-BE54-9A1E7A4F7556}") = "TheEye.Core", "TheEye.Core\TheEye.Core.csproj", "{1A837716-A7C1-4B47-9012-E67C1BF2E9CF}"
EndProject
Project("{9A19103F-16F7-4668-BE54-9A1E7A4F7556}") = "TheEye.Business", "TheEye.Business\TheEye.Business.csproj", "{52B565A8-CA7E-4D9B-82D2-80600B85802D}"
EndProject
Project("{9A19103F-16F7-4668-BE54-9A1E7A4F7556}") = "TheEye.DataAccess", "TheEye.DataAccess\TheEye.DataAccess.csproj", "{0B93160D-ECEB-4658-82AE-6996B0310CFC}"
EndProject
Project("{9A19103F-16F7-4668-BE54-9A1E7A4F7556}") = "TheEye.Entities", "TheEye.Entities\TheEye.Entities.csproj", "{9C7DB14C-EF66-4883-A678-977A7EB936B0}"
EndProject
Project("{FAE04EC0-301F-11D3-BF4B-00C04F79EFBC}") = "TheEye.MvcWebUl", "TheEye.MvcWebUl\TheEye.MvcWebUl.csproj", "{9FFBDF3D-51AE-4DC7-B6CE-57AA52AB900C}"
EndProject
Global
	GlobalSection(SolutionConfigurationPlatforms) = preSolution
		Debug|Any CPU = Debug|Any CPU
		Release|Any CPU = Release|Any CPU
	EndGlobalSection
	GlobalSection(ProjectConfigurationPlatforms) = postSolution
		{1A837716-A7C1-4B47-9012-E67C1BF2E9CF}.Debug|Any CPU.ActiveCfg = Debug|Any CPU
		{1A837716-A7C1-4B47-9012-E67C1BF2E9CF}.Debug|Any CPU.Build.0 = Debug|Any CPU
		{1A837716-A7C1-4B47-9012-E67C1BF2E9CF}.Release|Any CPU.ActiveCfg = Release|Any CPU
		{1A837716-A7C1-4B47-9012-E67C1BF2E9CF}.Release|Any CPU.Build.0 = Release|Any CPU
		{52B565A8-CA7E-4D9B-82D2-80600B85802D}.Debug|Any CPU.ActiveCfg = Debug|Any CPU
		{52B565A8-CA7E-4D9B-82D2-80600B85802D}.Debug|Any CPU.Build.0 = Debug|Any CPU
		{52B565A8-CA7E-4D9B-82D2-80600B85802D}.Release|Any CPU.ActiveCfg = Release|Any CPU
		{52B565A8-CA7E-4D9B-82D2-80600B85802D}.Release|Any CPU.Build.0 = Release|Any CPU
		{0B93160D-ECEB-4658-82AE-6996B0310CFC}.Debug|Any CPU.ActiveCfg = Debug|Any CPU
		{0B93160D-ECEB-4658-82AE-6996B0310CFC}.Debug|Any CPU.Build.0 = Debug|Any CPU
		{0B93160D-ECEB-4658-82AE-6996B0310CFC}.Release|Any CPU.ActiveCfg = Release|Any CPU
		{0B93160D-ECEB-4658-82AE-6996B0310CFC}.Release|Any CPU.Build.0 = Release|Any CPU
		{9C7DB14C-EF66-4883-A678-977A7EB936B0}.Debug|Any CPU.ActiveCfg = Debug|Any CPU
		{9C7DB14C-EF66-4883-A678-977A7EB936B0}.Debug|Any CPU.Build.0 = Debug|Any CPU
		{9C7DB14C-EF66-4883-A678-977A7EB936B0}.Release|Any CPU.ActiveCfg = Release|Any CPU
		{9C7DB14C-EF66-4883-A678-977A7EB936B0}.Release|Any CPU.Build.0 = Release|Any CPU
		{9FFBDF3D-51AE-4DC7-B6CE-57AA52AB900C}.Debug|Any CPU.ActiveCfg = Debug|Any CPU
		{9FFBDF3D-51AE-4DC7-B6CE-57AA52AB900C}.Debug|Any CPU.Build.0 = Debug|Any CPU
		{9FFBDF3D-51AE-4DC7-B6CE-57AA52AB900C}.Release|Any CPU.ActiveCfg = Release|Any CPU
		{9FFBDF3D-51AE-4DC7-B6CE-57AA52AB900C}.Release|Any CPU.Build.0 = Release|Any CPU
	EndGlobalSection
	GlobalSection(SolutionProperties) = preSolution
		HideSolutionNode = FALSE
	EndGlobalSection
	GlobalSection(ExtensibilityGlobals) = postSolution
		SolutionGuid = {14ACE329-3BD0-4278-B06B-209FDCF253E6}
	EndGlobalSection
EndGlobal
